
Microsoft Visual Studio Solution File, Format Version 12.00
# Visual Studio Version 17
VisualStudioVersion = 17.1.31903.286
MinimumVisualStudioVersion = 10.0.40219.1
Project("{FAE04EC0-301F-11D3-BF4B-00C04F79EFBC}") = "Uploader", "Uploader\Uploader.csproj", "{04857992-D70A-40FC-8D07-81DBE1039E41}"
EndProject
Global
	GlobalSection(SolutionConfigurationPlatforms) = preSolution
		Debug|Any CPU = Debug|Any CPU
		Release|Any CPU = Release|Any CPU
	EndGlobalSection
	GlobalSection(ProjectConfigurationPlatforms) = postSolution
		{04857992-D70A-40FC-8D07-81DBE1039E41}.Debug|Any CPU.ActiveCfg = Debug|Any CPU
		{04857992-D70A-40FC-8D07-81DBE1039E41}.Debug|Any CPU.Build.0 = Debug|Any CPU
		{04857992-D70A-40FC-8D07-81DBE1039E41}.Release|Any CPU.ActiveCfg = Release|Any CPU
		{04857992-D70A-40FC-8D07-81DBE1039E41}.Release|Any CPU.Build.0 = Release|Any CPU
	EndGlobalSection
	GlobalSection(SolutionProperties) = preSolution
		HideSolutionNode = FALSE
	EndGlobalSection
	GlobalSection(ExtensibilityGlobals) = postSolution
		SolutionGuid = {3DACE84D-BED6-4B54-BBEB-A5045AC89426}
	EndGlobalSection
EndGlobal
